
Microsoft Visual Studio Solution File, Format Version 12.00
# Visual Studio 15
VisualStudioVersion = 15.0.27130.2024
MinimumVisualStudioVersion = 10.0.40219.1
Project("{FAE04EC0-301F-11D3-BF4B-00C04F79EFBC}") = "TestVCF", "TestVCF\TestVCF.csproj", "{F52BBBBA-FC02-4D9B-AD55-C24C3E2D914B}"
EndProject
Project("{FAE04EC0-301F-11D3-BF4B-00C04F79EFBC}") = "Bio.VCF.ajc", "VCFCore\Bio.VCF.ajc.csproj", "{8051DAE1-AFED-4E7F-8DA2-FE6568245C9A}"
EndProject
Global
	GlobalSection(SolutionConfigurationPlatforms) = preSolution
		Debug|Any CPU = Debug|Any CPU
		Release|Any CPU = Release|Any CPU
	EndGlobalSection
	GlobalSection(ProjectConfigurationPlatforms) = postSolution
		{F52BBBBA-FC02-4D9B-AD55-C24C3E2D914B}.Debug|Any CPU.ActiveCfg = Debug|Any CPU
		{F52BBBBA-FC02-4D9B-AD55-C24C3E2D914B}.Debug|Any CPU.Build.0 = Debug|Any CPU
		{F52BBBBA-FC02-4D9B-AD55-C24C3E2D914B}.Release|Any CPU.ActiveCfg = Release|Any CPU
		{F52BBBBA-FC02-4D9B-AD55-C24C3E2D914B}.Release|Any CPU.Build.0 = Release|Any CPU
		{8051DAE1-AFED-4E7F-8DA2-FE6568245C9A}.Debug|Any CPU.ActiveCfg = Debug|Any CPU
		{8051DAE1-AFED-4E7F-8DA2-FE6568245C9A}.Debug|Any CPU.Build.0 = Debug|Any CPU
		{8051DAE1-AFED-4E7F-8DA2-FE6568245C9A}.Release|Any CPU.ActiveCfg = Release|Any CPU
		{8051DAE1-AFED-4E7F-8DA2-FE6568245C9A}.Release|Any CPU.Build.0 = Release|Any CPU
	EndGlobalSection
	GlobalSection(SolutionProperties) = preSolution
		HideSolutionNode = FALSE
	EndGlobalSection
	GlobalSection(ExtensibilityGlobals) = postSolution
		SolutionGuid = {84F8EAC7-C46C-4F1D-87CF-103BC4BA1504}
	EndGlobalSection
	GlobalSection(MonoDevelopProperties) = preSolution
		StartupItem = TestVCF\VCFComparison.csproj
	EndGlobalSection
	GlobalSection(Performance) = preSolution
		HasPerformanceSessions = true
	EndGlobalSection
EndGlobal
